{
  "requires": true,
  "lockfileVersion": 1,
  "dependencies": {
    "copy-text-to-clipboard": {
      "version": "3.0.1",
      "resolved": "https://registry.npmjs.org/copy-text-to-clipboard/-/copy-text-to-clipboard-3.0.1.tgz",
      "integrity": "sha512-rvVsHrpFcL4F2P8ihsoLdFHmd404+CMg71S756oRSeQgqk51U3kicGdnvfkrxva0xXH92SjGS62B0XIJsbh+9Q=="
    },
    "core-js": {
      "version": "3.12.1",
      "resolved": "https://registry.npmjs.org/core-js/-/core-js-3.12.1.tgz",
      "integrity": "sha512-Ne9DKPHTObRuB09Dru5AjwKjY4cJHVGu+y5f7coGn1E9Grkc3p2iBwE9AI/nJzsE29mQF7oq+mhYYRqOMFN1Bw=="
    },
    "mutation-observer": {
      "version": "1.0.3",
      "resolved": "https://registry.npmjs.org/mutation-observer/-/mutation-observer-1.0.3.tgz",
      "integrity": "sha512-M/O/4rF2h776hV7qGMZUH3utZLO/jK7p8rnNgGkjKUw8zCGjRQPxB8z6+5l8+VjRUQ3dNYu4vjqXYLr+U8ZVNA=="
    },
    "vconsole": {
      "version": "3.5.1",
      "resolved": "https://registry.npmjs.org/vconsole/-/vconsole-3.5.1.tgz",
      "integrity": "sha512-PoHz1DiNtxfQQXtfSIQbIUsYK5nEqAW6IeN3uBiCzqhHD9GuUqoxmLrrS2PjRigWyPPp02K/ud0UmXNx8jfZ2Q==",
      "requires": {
        "copy-text-to-clipboard": "^3.0.1",
        "core-js": "^3.11.0",
        "mutation-observer": "^1.0.3"
      }
    }
  }
}
